// !$*UTF8*$!
{
	archiveVersion = 1;
	classes = {
	};
	objectVersion = 77;
	objects = {

/* Begin PBXBuildFile section */
		AA11111111111111111111AA /* Pips39Core in Frameworks */ = {isa = PBXBuildFile; productRef = AA22222222222222222222AA /* Pips39Core */; };
/* End PBXBuildFile section */

/* Begin PBXContainerItemProxy section */
		D76D6B65302E6C0900EFAECE /* PBXContainerItemProxy */ = {
			isa = PBXContainerItemProxy;
			containerPortal = D76D6B4F302E6C0800EFAECE /* Project object */;
			proxyType = 1;
			remoteGlobalIDString = D76D6B56302E6C0800EFAECE;
			remoteInfo = Pips39;
		};
		D76D6B6F302E6C0900EFAECE /* PBXContainerItemProxy */ = {
			isa = PBXContainerItemProxy;
			containerPortal = D76D6B4F302E6C0800EFAECE /* Project object */;
			proxyType = 1;
			remoteGlobalIDString = D76D6B56302E6C0800EFAECE;
			remoteInfo = Pips39;
		};
/* End PBXContainerItemProxy section */

/* Begin PBXFileReference section */
		BB22222222222222222222BB /* Signing.xcconfig */ = {isa = PBXFileReference; lastKnownFileType = text.xcconfig; path = Signing.xcconfig; sourceTree = "<group>"; };
		D76D6B57302E6C0800EFAECE /* Pips39.app */ = {isa = PBXFileReference; explicitFileType = wrapper.application; includeInIndex = 0; path = Pips39.app; sourceTree = BUILT_PRODUCTS_DIR; };
		D76D6B64302E6C0900EFAECE /* Pips39Tests.xctest */ = {isa = PBXFileReference; explicitFileType = wrapper.cfbundle; includeInIndex = 0; path = Pips39Tests.xctest; sourceTree = BUILT_PRODUCTS_DIR; };
		D76D6B6E302E6C0900EFAECE /* Pips39UITests.xctest */ = {isa = PBXFileReference; explicitFileType = wrapper.cfbundle; includeInIndex = 0; path = Pips39UITests.xctest; sourceTree = BUILT_PRODUCTS_DIR; };
/* End PBXFileReference section */

/* Begin PBXFileSystemSynchronizedRootGroup section */
		D76D6B59302E6C0800EFAECE /* Pips39 */ = {
			isa = PBXFileSystemSynchronizedRootGroup;
			path = Pips39;
			sourceTree = "<group>";
		};
		D76D6B67302E6C0900EFAECE /* Pips39Tests */ = {
			isa = PBXFileSystemSynchronizedRootGroup;
			path = Pips39Tests;
			sourceTree = "<group>";
		};
		D76D6B71302E6C0900EFAECE /* Pips39UITests */ = {
			isa = PBXFileSystemSynchronizedRootGroup;
			path = Pips39UITests;
			sourceTree = "<group>";
		};
/* End PBXFileSystemSynchronizedRootGroup section */

/* Begin PBXFrameworksBuildPhase section */
		D76D6B54302E6C0800EFAECE /* Frameworks */ = {
			isa = PBXFrameworksBuildPhase;
			buildActionMask = 2147483647;
			files = (
				AA11111111111111111111AA /* Pips39Core in Frameworks */,
			);
			runOnlyForDeploymentPostprocessing = 0;
		};
		D76D6B61302E6C0900EFAECE /* Frameworks */ = {
			isa = PBXFrameworksBuildPhase;
			buildActionMask = 2147483647;
			files = (
			);
			runOnlyForDeploymentPostprocessing = 0;
		};
		D76D6B6B302E6C0900EFAECE /* Frameworks */ = {
			isa = PBXFrameworksBuildPhase;
			buildActionMask = 2147483647;
			files = (
			);
			runOnlyForDeploymentPostprocessing = 0;
		};
/* End PBXFrameworksBuildPhase section */

/* Begin PBXGroup section */
		D76D6B4E302E6C0800EFAECE = {
			isa = PBXGroup;
			children = (
				BB22222222222222222222BB /* Signing.xcconfig */,
				D76D6B59302E6C0800EFAECE /* Pips39 */,
				D76D6B67302E6C0900EFAECE /* Pips39Tests */,
				D76D6B71302E6C0900EFAECE /* Pips39UITests */,
				D76D6B58302E6C0800EFAECE /* Products */,
			);
			sourceTree = "<group>";
		};
		D76D6B58302E6C0800EFAECE /* Products */ = {
			isa = PBXGroup;
			children = (
				D76D6B57302E6C0800EFAECE /* Pips39.app */,
				D76D6B64302E6C0900EFAECE /* Pips39Tests.xctest */,
				D76D6B6E302E6C0900EFAECE /* Pips39UITests.xctest */,
			);
			name = Products;
			sourceTree = "<group>";
		};
/* End PBXGroup section */

/* Begin PBXNativeTarget section */
		D76D6B56302E6C0800EFAECE /* Pips39 */ = {
			isa = PBXNativeTarget;
			buildConfigurationList = D76D6B78302E6C0900EFAECE /* Build configuration list for PBXNativeTarget "Pips39" */;
			buildPhases = (
				D76D6B53302E6C0800EFAECE /* Sources */,
				D76D6B54302E6C0800EFAECE /* Frameworks */,
				D76D6B55302E6C0800EFAECE /* Resources */,
			);
			buildRules = (
			);
			dependencies = (
			);
			fileSystemSynchronizedGroups = (
				D76D6B59302E6C0800EFAECE /* Pips39 */,
			);
			name = Pips39;
			packageProductDependencies = (
				AA22222222222222222222AA /* Pips39Core */,
			);
			productName = Pips39;
			productReference = D76D6B57302E6C0800EFAECE /* Pips39.app */;
			productType = "com.apple.product-type.application";
		};
		D76D6B63302E6C0900EFAECE /* Pips39Tests */ = {
			isa = PBXNativeTarget;
			buildConfigurationList = D76D6B7B302E6C0900EFAECE /* Build configuration list for PBXNativeTarget "Pips39Tests" */;
			buildPhases = (
				D76D6B60302E6C0900EFAECE /* Sources */,
				D76D6B61302E6C0900EFAECE /* Frameworks */,
				D76D6B62302E6C0900EFAECE /* Resources */,
			);
			buildRules = (
			);
			dependencies = (
				D76D6B66302E6C0900EFAECE /* PBXTargetDependency */,
			);
			fileSystemSynchronizedGroups = (
				D76D6B67302E6C0900EFAECE /* Pips39Tests */,
			);
			name = Pips39Tests;
			packageProductDependencies = (
			);
			productName = Pips39Tests;
			productReference = D76D6B64302E6C0900EFAECE /* Pips39Tests.xctest */;
			productType = "com.apple.product-type.bundle.unit-test";
		};
		D76D6B6D302E6C0900EFAECE /* Pips39UITests */ = {
			isa = PBXNativeTarget;
			buildConfigurationList = D76D6B7E302E6C0900EFAECE /* Build configuration list for PBXNativeTarget "Pips39UITests" */;
			buildPhases = (
				D76D6B6A302E6C0900EFAECE /* Sources */,
				D76D6B6B302E6C0900EFAECE /* Frameworks */,
				D76D6B6C302E6C0900EFAECE /* Resources */,
			);
			buildRules = (
			);
			dependencies = (
				D76D6B70302E6C0900EFAECE /* PBXTargetDependency */,
			);
			fileSystemSynchronizedGroups = (
				D76D6B71302E6C0900EFAECE /* Pips39UITests */,
			);
			name = Pips39UITests;
			packageProductDependencies = (
			);
			productName = Pips39UITests;
			productReference = D76D6B6E302E6C0900EFAECE /* Pips39UITests.xctest */;
			productType = "com.apple.product-type.bundle.ui-testing";
		};
/* End PBXNativeTarget section */

/* Begin PBXProject section */
		D76D6B4F302E6C0800EFAECE /* Project object */ = {
			isa = PBXProject;
			attributes = {
				BuildIndependentTargetsInParallel = 1;
				LastSwiftUpdateCheck = 2660;
				LastUpgradeCheck = 2660;
				TargetAttributes = {
					D76D6B56302E6C0800EFAECE = {
						CreatedOnToolsVersion = 26.6;
					};
					D76D6B63302E6C0900EFAECE = {
						CreatedOnToolsVersion = 26.6;
						TestTargetID = D76D6B56302E6C0800EFAECE;
					};
					D76D6B6D302E6C0900EFAECE = {
						CreatedOnToolsVersion = 26.6;
						TestTargetID = D76D6B56302E6C0800EFAECE;
					};
				};
			};
			buildConfigurationList = D76D6B52302E6C0800EFAECE /* Build configuration list for PBXProject "Pips39" */;
			developmentRegion = en;
			hasScannedForEncodings = 0;
			knownRegions = (
				en,
				Base,
				de,
			);
			mainGroup = D76D6B4E302E6C0800EFAECE;
			minimizedProjectReferenceProxies = 1;
			packageReferences = (
				AA33333333333333333333AA /* XCLocalSwiftPackageReference ".." */,
			);
			preferredProjectObjectVersion = 77;
			productRefGroup = D76D6B58302E6C0800EFAECE /* Products */;
			projectDirPath = "";
			projectRoot = "";
			targets = (
				D76D6B56302E6C0800EFAECE /* Pips39 */,
				D76D6B63302E6C0900EFAECE /* Pips39Tests */,
				D76D6B6D302E6C0900EFAECE /* Pips39UITests */,
			);
		};
/* End PBXProject section */

/* Begin PBXResourcesBuildPhase section */
		D76D6B55302E6C0800EFAECE /* Resources */ = {
			isa = PBXResourcesBuildPhase;
			buildActionMask = 2147483647;
			files = (
			);
			runOnlyForDeploymentPostprocessing = 0;
		};
		D76D6B62302E6C0900EFAECE /* Resources */ = {
			isa = PBXResourcesBuildPhase;
			buildActionMask = 2147483647;
			files = (
			);
			runOnlyForDeploymentPostprocessing = 0;
		};
		D76D6B6C302E6C0900EFAECE /* Resources */ = {
			isa = PBXResourcesBuildPhase;
			buildActionMask = 2147483647;
			files = (
			);
			runOnlyForDeploymentPostprocessing = 0;
		};
/* End PBXResourcesBuildPhase section */

/* Begin PBXSourcesBuildPhase section */
		D76D6B53302E6C0800EFAECE /* Sources */ = {
			isa = PBXSourcesBuildPhase;
			buildActionMask = 2147483647;
			files = (
			);
			runOnlyForDeploymentPostprocessing = 0;
		};
		D76D6B60302E6C0900EFAECE /* Sources */ = {
			isa = PBXSourcesBuildPhase;
			buildActionMask = 2147483647;
			files = (
			);
			runOnlyForDeploymentPostprocessing = 0;
		};
		D76D6B6A302E6C0900EFAECE /* Sources */ = {
			isa = PBXSourcesBuildPhase;
			buildActionMask = 2147483647;
			files = (
			);
			runOnlyForDeploymentPostprocessing = 0;
		};
/* End PBXSourcesBuildPhase section */

/* Begin PBXTargetDependency section */
		D76D6B66302E6C0900EFAECE /* PBXTargetDependency */ = {
			isa = PBXTargetDependency;
			target = D76D6B56302E6C0800EFAECE /* Pips39 */;
			targetProxy = D76D6B65302E6C0900EFAECE /* PBXContainerItemProxy */;
		};
		D76D6B70302E6C0900EFAECE /* PBXTargetDependency */ = {
			isa = PBXTargetDependency;
			target = D76D6B56302E6C0800EFAECE /* Pips39 */;
			targetProxy = D76D6B6F302E6C0900EFAECE /* PBXContainerItemProxy */;
		};
/* End PBXTargetDependency section */

/* Begin XCBuildConfiguration section */
		D76D6B76302E6C0900EFAECE /* Debug */ = {
			isa = XCBuildConfiguration;
			baseConfigurationReference = BB22222222222222222222BB /* Signing.xcconfig */;
			buildSettings = {
				ALWAYS_SEARCH_USER_PATHS = NO;
				ASSETCATALOG_COMPILER_GENERATE_SWIFT_ASSET_SYMBOL_EXTENSIONS = YES;
				CLANG_ANALYZER_NONNULL = YES;
				CLANG_ANALYZER_NUMBER_OBJECT_CONVERSION = YES_AGGRESSIVE;
				CLANG_CXX_LANGUAGE_STANDARD = "gnu++20";
				CLANG_ENABLE_MODULES = YES;
				CLANG_ENABLE_OBJC_ARC = YES;
				CLANG_ENABLE_OBJC_WEAK = YES;
				CLANG_WARN_BLOCK_CAPTURE_AUTORELEASING = YES;
				CLANG_WARN_BOOL_CONVERSION = YES;
				CLANG_WARN_COMMA = YES;
				CLANG_WARN_CONSTANT_CONVERSION = YES;
				CLANG_WARN_DEPRECATED_OBJC_IMPLEMENTATIONS = YES;
				CLANG_WARN_DIRECT_OBJC_ISA_USAGE = YES_ERROR;
				CLANG_WARN_DOCUMENTATION_COMMENTS = YES;
				CLANG_WARN_EMPTY_BODY = YES;
				CLANG_WARN_ENUM_CONVERSION = YES;
				CLANG_WARN_INFINITE_RECURSION = YES;
				CLANG_WARN_INT_CONVERSION = YES;
				CLANG_WARN_NON_LITERAL_NULL_CONVERSION = YES;
				CLANG_WARN_OBJC_IMPLICIT_RETAIN_SELF = YES;
				CLANG_WARN_OBJC_LITERAL_CONVERSION = YES;
				CLANG_WARN_OBJC_ROOT_CLASS = YES_ERROR;
				CLANG_WARN_QUOTED_INCLUDE_IN_FRAMEWORK_HEADER = YES;
				CLANG_WARN_RANGE_LOOP_ANALYSIS = YES;
				CLANG_WARN_STRICT_PROTOTYPES = YES;
				CLANG_WARN_SUSPICIOUS_MOVE = YES;
				CLANG_WARN_UNGUARDED_AVAILABILITY = YES_AGGRESSIVE;
				CLANG_WARN_UNREACHABLE_CODE = YES;
				CLANG_WARN__DUPLICATE_METHOD_MATCH = YES;
				COPY_PHASE_STRIP = NO;
				DEBUG_INFORMATION_FORMAT = dwarf;
				ENABLE_STRICT_OBJC_MSGSEND = YES;
				ENABLE_TESTABILITY = YES;
				ENABLE_USER_SCRIPT_SANDBOXING = YES;
				GCC_C_LANGUAGE_STANDARD = gnu17;
				GCC_DYNAMIC_NO_PIC = NO;
				GCC_NO_COMMON_BLOCKS = YES;
				GCC_OPTIMIZATION_LEVEL = 0;
				GCC_PREPROCESSOR_DEFINITIONS = (
					"DEBUG=1",
					"$(inherited)",
				);
				GCC_WARN_64_TO_32_BIT_CONVERSION = YES;
				GCC_WARN_ABOUT_RETURN_TYPE = YES_ERROR;
				GCC_WARN_UNDECLARED_SELECTOR = YES;
				GCC_WARN_UNINITIALIZED_AUTOS = YES_AGGRESSIVE;
				GCC_WARN_UNUSED_FUNCTION = YES;
				GCC_WARN_UNUSED_VARIABLE = YES;
				IPHONEOS_DEPLOYMENT_TARGET = 16.0;
				LOCALIZATION_PREFERS_STRING_CATALOGS = YES;
				MTL_ENABLE_DEBUG_INFO = INCLUDE_SOURCE;
				MTL_FAST_MATH = YES;
				ONLY_ACTIVE_ARCH = YES;
				SDKROOT = iphoneos;
				SWIFT_ACTIVE_COMPILATION_CONDITIONS = "DEBUG $(inherited)";
				SWIFT_OPTIMIZATION_LEVEL = "-Onone";
			};
			name = Debug;
		};
		D76D6B77302E6C0900EFAECE /* Release */ = {
			isa = XCBuildConfiguration;
			baseConfigurationReference = BB22222222222222222222BB /* Signing.xcconfig */;
			buildSettings = {
				ALWAYS_SEARCH_USER_PATHS = NO;
				ASSETCATALOG_COMPILER_GENERATE_SWIFT_ASSET_SYMBOL_EXTENSIONS = YES;
				CLANG_ANALYZER_NONNULL = YES;
				CLANG_ANALYZER_NUMBER_OBJECT_CONVERSION = YES_AGGRESSIVE;
				CLANG_CXX_LANGUAGE_STANDARD = "gnu++20";
				CLANG_ENABLE_MODULES = YES;
				CLANG_ENABLE_OBJC_ARC = YES;
				CLANG_ENABLE_OBJC_WEAK = YES;
				CLANG_WARN_BLOCK_CAPTURE_AUTORELEASING = YES;
				CLANG_WARN_BOOL_CONVERSION = YES;
				CLANG_WARN_COMMA = YES;
				CLANG_WARN_CONSTANT_CONVERSION = YES;
				CLANG_WARN_DEPRECATED_OBJC_IMPLEMENTATIONS = YES;
				CLANG_WARN_DIRECT_OBJC_ISA_USAGE = YES_ERROR;
				CLANG_WARN_DOCUMENTATION_COMMENTS = YES;
				CLANG_WARN_EMPTY_BODY = YES;
				CLANG_WARN_ENUM_CONVERSION = YES;
				CLANG_WARN_INFINITE_RECURSION = YES;
				CLANG_WARN_INT_CONVERSION = YES;
				CLANG_WARN_NON_LITERAL_NULL_CONVERSION = YES;
				CLANG_WARN_OBJC_IMPLICIT_RETAIN_SELF = YES;
				CLANG_WARN_OBJC_LITERAL_CONVERSION = YES;
				CLANG_WARN_OBJC_ROOT_CLASS = YES_ERROR;
				CLANG_WARN_QUOTED_INCLUDE_IN_FRAMEWORK_HEADER = YES;
				CLANG_WARN_RANGE_LOOP_ANALYSIS = YES;
				CLANG_WARN_STRICT_PROTOTYPES = YES;
				CLANG_WARN_SUSPICIOUS_MOVE = YES;
				CLANG_WARN_UNGUARDED_AVAILABILITY = YES_AGGRESSIVE;
				CLANG_WARN_UNREACHABLE_CODE = YES;
				CLANG_WARN__DUPLICATE_METHOD_MATCH = YES;
				COPY_PHASE_STRIP = NO;
				DEBUG_INFORMATION_FORMAT = "dwarf-with-dsym";
				ENABLE_NS_ASSERTIONS = NO;
				ENABLE_STRICT_OBJC_MSGSEND = YES;
				ENABLE_USER_SCRIPT_SANDBOXING = YES;
				GCC_C_LANGUAGE_STANDARD = gnu17;
				GCC_NO_COMMON_BLOCKS = YES;
				GCC_WARN_64_TO_32_BIT_CONVERSION = YES;
				GCC_WARN_ABOUT_RETURN_TYPE = YES_ERROR;
				GCC_WARN_UNDECLARED_SELECTOR = YES;
				GCC_WARN_UNINITIALIZED_AUTOS = YES_AGGRESSIVE;
				GCC_WARN_UNUSED_FUNCTION = YES;
				GCC_WARN_UNUSED_VARIABLE = YES;
				IPHONEOS_DEPLOYMENT_TARGET = 16.0;
				LOCALIZATION_PREFERS_STRING_CATALOGS = YES;
				MTL_ENABLE_DEBUG_INFO = NO;
				MTL_FAST_MATH = YES;
				SDKROOT = iphoneos;
				SWIFT_COMPILATION_MODE = wholemodule;
				VALIDATE_PRODUCT = YES;
			};
			name = Release;
		};
		D76D6B79302E6C0900EFAECE /* Debug */ = {
			isa = XCBuildConfiguration;
			buildSettings = {
				ASSETCATALOG_COMPILER_APPICON_NAME = AppIcon;
				ASSETCATALOG_COMPILER_GLOBAL_ACCENT_COLOR_NAME = AccentColor;
				CODE_SIGN_STYLE = Automatic;
				CURRENT_PROJECT_VERSION = 1;
				ENABLE_PREVIEWS = YES;
				GENERATE_INFOPLIST_FILE = YES;
				INFOPLIST_KEY_CFBundleDisplayName = Pips39;
				INFOPLIST_KEY_ITSAppUsesNonExemptEncryption = NO;
				INFOPLIST_KEY_LSApplicationCategoryType = "public.app-category.productivity";
				INFOPLIST_KEY_UIApplicationSceneManifest_Generation = YES;
				INFOPLIST_KEY_UIApplicationSupportsIndirectInputEvents = YES;
				INFOPLIST_KEY_UILaunchScreen_Generation = YES;
				INFOPLIST_KEY_UISupportedInterfaceOrientations = UIInterfaceOrientationPortrait;
				IPHONEOS_DEPLOYMENT_TARGET = 16.6;
				LD_RUNPATH_SEARCH_PATHS = (
					"$(inherited)",
					"@executable_path/Frameworks",
				);
				MARKETING_VERSION = 0.0.1;
				PRODUCT_BUNDLE_IDENTIFIER = app.comodin.Pips39;
				PRODUCT_NAME = "$(TARGET_NAME)";
				STRING_CATALOG_GENERATE_SYMBOLS = YES;
				SUPPORTED_PLATFORMS = "iphoneos iphonesimulator";
				SUPPORTS_MACCATALYST = NO;
				SUPPORTS_MAC_DESIGNED_FOR_IPHONE_IPAD = NO;
				SUPPORTS_XR_DESIGNED_FOR_IPHONE_IPAD = NO;
				SWIFT_APPROACHABLE_CONCURRENCY = YES;
				SWIFT_DEFAULT_ACTOR_ISOLATION = MainActor;
				SWIFT_EMIT_LOC_STRINGS = YES;
				SWIFT_UPCOMING_FEATURE_MEMBER_IMPORT_VISIBILITY = YES;
				SWIFT_VERSION = 5.0;
				TARGETED_DEVICE_FAMILY = 1;
			};
			name = Debug;
		};
		D76D6B7A302E6C0900EFAECE /* Release */ = {
			isa = XCBuildConfiguration;
			buildSettings = {
				ASSETCATALOG_COMPILER_APPICON_NAME = AppIcon;
				ASSETCATALOG_COMPILER_GLOBAL_ACCENT_COLOR_NAME = AccentColor;
				CODE_SIGN_STYLE = Automatic;
				CURRENT_PROJECT_VERSION = 1;
				ENABLE_PREVIEWS = YES;
				GENERATE_INFOPLIST_FILE = YES;
				INFOPLIST_KEY_CFBundleDisplayName = Pips39;
				INFOPLIST_KEY_ITSAppUsesNonExemptEncryption = NO;
				INFOPLIST_KEY_LSApplicationCategoryType = "public.app-category.productivity";
				INFOPLIST_KEY_UIApplicationSceneManifest_Generation = YES;
				INFOPLIST_KEY_UIApplicationSupportsIndirectInputEvents = YES;
				INFOPLIST_KEY_UILaunchScreen_Generation = YES;
				INFOPLIST_KEY_UISupportedInterfaceOrientations = UIInterfaceOrientationPortrait;
				IPHONEOS_DEPLOYMENT_TARGET = 16.6;
				LD_RUNPATH_SEARCH_PATHS = (
					"$(inherited)",
					"@executable_path/Frameworks",
				);
				MARKETING_VERSION = 0.0.1;
				PRODUCT_BUNDLE_IDENTIFIER = app.comodin.Pips39;
				PRODUCT_NAME = "$(TARGET_NAME)";
				STRING_CATALOG_GENERATE_SYMBOLS = YES;
				SUPPORTED_PLATFORMS = "iphoneos iphonesimulator";
				SUPPORTS_MACCATALYST = NO;
				SUPPORTS_MAC_DESIGNED_FOR_IPHONE_IPAD = NO;
				SUPPORTS_XR_DESIGNED_FOR_IPHONE_IPAD = NO;
				SWIFT_APPROACHABLE_CONCURRENCY = YES;
				SWIFT_DEFAULT_ACTOR_ISOLATION = MainActor;
				SWIFT_EMIT_LOC_STRINGS = YES;
				SWIFT_UPCOMING_FEATURE_MEMBER_IMPORT_VISIBILITY = YES;
				SWIFT_VERSION = 5.0;
				TARGETED_DEVICE_FAMILY = 1;
			};
			name = Release;
		};
		D76D6B7C302E6C0900EFAECE /* Debug */ = {
			isa = XCBuildConfiguration;
			buildSettings = {
				BUNDLE_LOADER = "$(TEST_HOST)";
				CODE_SIGN_STYLE = Automatic;
				CURRENT_PROJECT_VERSION = 1;
				GENERATE_INFOPLIST_FILE = YES;
				IPHONEOS_DEPLOYMENT_TARGET = 16.0;
				MARKETING_VERSION = 0.0.1;
				PRODUCT_BUNDLE_IDENTIFIER = app.comodin.Pips39Tests;
				PRODUCT_NAME = "$(TARGET_NAME)";
				STRING_CATALOG_GENERATE_SYMBOLS = NO;
				SWIFT_APPROACHABLE_CONCURRENCY = YES;
				SWIFT_EMIT_LOC_STRINGS = NO;
				SWIFT_UPCOMING_FEATURE_MEMBER_IMPORT_VISIBILITY = YES;
				SWIFT_VERSION = 5.0;
				TARGETED_DEVICE_FAMILY = "1,2";
				TEST_HOST = "$(BUILT_PRODUCTS_DIR)/Pips39.app/$(BUNDLE_EXECUTABLE_FOLDER_PATH)/Pips39";
			};
			name = Debug;
		};
		D76D6B7D302E6C0900EFAECE /* Release */ = {
			isa = XCBuildConfiguration;
			buildSettings = {
				BUNDLE_LOADER = "$(TEST_HOST)";
				CODE_SIGN_STYLE = Automatic;
				CURRENT_PROJECT_VERSION = 1;
				GENERATE_INFOPLIST_FILE = YES;
				IPHONEOS_DEPLOYMENT_TARGET = 16.0;
				MARKETING_VERSION = 0.0.1;
				PRODUCT_BUNDLE_IDENTIFIER = app.comodin.Pips39Tests;
				PRODUCT_NAME = "$(TARGET_NAME)";
				STRING_CATALOG_GENERATE_SYMBOLS = NO;
				SWIFT_APPROACHABLE_CONCURRENCY = YES;
				SWIFT_EMIT_LOC_STRINGS = NO;
				SWIFT_UPCOMING_FEATURE_MEMBER_IMPORT_VISIBILITY = YES;
				SWIFT_VERSION = 5.0;
				TARGETED_DEVICE_FAMILY = "1,2";
				TEST_HOST = "$(BUILT_PRODUCTS_DIR)/Pips39.app/$(BUNDLE_EXECUTABLE_FOLDER_PATH)/Pips39";
			};
			name = Release;
		};
		D76D6B7F302E6C0900EFAECE /* Debug */ = {
			isa = XCBuildConfiguration;
			buildSettings = {
				CODE_SIGN_STYLE = Automatic;
				CURRENT_PROJECT_VERSION = 1;
				GENERATE_INFOPLIST_FILE = YES;
				MARKETING_VERSION = 0.0.1;
				PRODUCT_BUNDLE_IDENTIFIER = app.comodin.Pips39UITests;
				PRODUCT_NAME = "$(TARGET_NAME)";
				STRING_CATALOG_GENERATE_SYMBOLS = NO;
				SWIFT_APPROACHABLE_CONCURRENCY = YES;
				SWIFT_EMIT_LOC_STRINGS = NO;
				SWIFT_UPCOMING_FEATURE_MEMBER_IMPORT_VISIBILITY = YES;
				SWIFT_VERSION = 5.0;
				TARGETED_DEVICE_FAMILY = "1,2";
				TEST_TARGET_NAME = Pips39;
			};
			name = Debug;
		};
		D76D6B80302E6C0900EFAECE /* Release */ = {
			isa = XCBuildConfiguration;
			buildSettings = {
				CODE_SIGN_STYLE = Automatic;
				CURRENT_PROJECT_VERSION = 1;
				GENERATE_INFOPLIST_FILE = YES;
				MARKETING_VERSION = 0.0.1;
				PRODUCT_BUNDLE_IDENTIFIER = app.comodin.Pips39UITests;
				PRODUCT_NAME = "$(TARGET_NAME)";
				STRING_CATALOG_GENERATE_SYMBOLS = NO;
				SWIFT_APPROACHABLE_CONCURRENCY = YES;
				SWIFT_EMIT_LOC_STRINGS = NO;
				SWIFT_UPCOMING_FEATURE_MEMBER_IMPORT_VISIBILITY = YES;
				SWIFT_VERSION = 5.0;
				TARGETED_DEVICE_FAMILY = "1,2";
				TEST_TARGET_NAME = Pips39;
			};
			name = Release;
		};
/* End XCBuildConfiguration section */

/* Begin XCConfigurationList section */
		D76D6B52302E6C0800EFAECE /* Build configuration list for PBXProject "Pips39" */ = {
			isa = XCConfigurationList;
			buildConfigurations = (
				D76D6B76302E6C0900EFAECE /* Debug */,
				D76D6B77302E6C0900EFAECE /* Release */,
			);
			defaultConfigurationIsVisible = 0;
			defaultConfigurationName = Release;
		};
		D76D6B78302E6C0900EFAECE /* Build configuration list for PBXNativeTarget "Pips39" */ = {
			isa = XCConfigurationList;
			buildConfigurations = (
				D76D6B79302E6C0900EFAECE /* Debug */,
				D76D6B7A302E6C0900EFAECE /* Release */,
			);
			defaultConfigurationIsVisible = 0;
			defaultConfigurationName = Release;
		};
		D76D6B7B302E6C0900EFAECE /* Build configuration list for PBXNativeTarget "Pips39Tests" */ = {
			isa = XCConfigurationList;
			buildConfigurations = (
				D76D6B7C302E6C0900EFAECE /* Debug */,
				D76D6B7D302E6C0900EFAECE /* Release */,
			);
			defaultConfigurationIsVisible = 0;
			defaultConfigurationName = Release;
		};
		D76D6B7E302E6C0900EFAECE /* Build configuration list for PBXNativeTarget "Pips39UITests" */ = {
			isa = XCConfigurationList;
			buildConfigurations = (
				D76D6B7F302E6C0900EFAECE /* Debug */,
				D76D6B80302E6C0900EFAECE /* Release */,
			);
			defaultConfigurationIsVisible = 0;
			defaultConfigurationName = Release;
		};
/* End XCConfigurationList section */

/* Begin XCLocalSwiftPackageReference section */
		AA33333333333333333333AA /* XCLocalSwiftPackageReference ".." */ = {
			isa = XCLocalSwiftPackageReference;
			relativePath = ..;
		};
/* End XCLocalSwiftPackageReference section */

/* Begin XCSwiftPackageProductDependency section */
		AA22222222222222222222AA /* Pips39Core */ = {
			isa = XCSwiftPackageProductDependency;
			productName = Pips39Core;
		};
/* End XCSwiftPackageProductDependency section */
	};
	rootObject = D76D6B4F302E6C0800EFAECE /* Project object */;
}
